
Microsoft Visual Studio Solution File, Format Version 12.00
# Visual Studio 15
VisualStudioVersion = 15.0.27428.2015
MinimumVisualStudioVersion = 10.0.40219.1
Project("{FAE04EC0-301F-11D3-BF4B-00C04F79EFBC}") = "XamTestBuild.Android", "XamTestBuild\XamTestBuild.Android\XamTestBuild.Android.csproj", "{764744EE-CAD1-4E53-88D4-7D5818C697AD}"
EndProject
Project("{FAE04EC0-301F-11D3-BF4B-00C04F79EFBC}") = "XamTestBuild.iOS", "XamTestBuild\XamTestBuild.iOS\XamTestBuild.iOS.csproj", "{9BF522D5-4E71-48A0-B427-6758DED8C1F9}"
EndProject
Project("{FAE04EC0-301F-11D3-BF4B-00C04F79EFBC}") = "XamTestBuild.UWP", "XamTestBuild\XamTestBuild.UWP\XamTestBuild.UWP.csproj", "{40D63C6D-9B6A-4DE9-86F7-0DAE506E1921}"
EndProject
Project("{FAE04EC0-301F-11D3-BF4B-00C04F79EFBC}") = "XamTestBuild", "XamTestBuild\XamTestBuild\XamTestBuild.csproj", "{537BAE88-9011-482F-BEE5-5D977FC08A9A}"
EndProject
Global
	GlobalSection(SolutionConfigurationPlatforms) = preSolution
		Ad-Hoc|Any CPU = Ad-Hoc|Any CPU
		Ad-Hoc|ARM = Ad-Hoc|ARM
		Ad-Hoc|iPhone = Ad-Hoc|iPhone
		Ad-Hoc|iPhoneSimulator = Ad-Hoc|iPhoneSimulator
		Ad-Hoc|x64 = Ad-Hoc|x64
		Ad-Hoc|x86 = Ad-Hoc|x86
		AppStore|Any CPU = AppStore|Any CPU
		AppStore|ARM = AppStore|ARM
		AppStore|iPhone = AppStore|iPhone
		AppStore|iPhoneSimulator = AppStore|iPhoneSimulator
		AppStore|x64 = AppStore|x64
		AppStore|x86 = AppStore|x86
		Debug|Any CPU = Debug|Any CPU
		Debug|ARM = Debug|ARM
		Debug|iPhone = Debug|iPhone
		Debug|iPhoneSimulator = Debug|iPhoneSimulator
		Debug|x64 = Debug|x64
		Debug|x86 = Debug|x86
		Release|Any CPU = Release|Any CPU
		Release|ARM = Release|ARM
		Release|iPhone = Release|iPhone
		Release|iPhoneSimulator = Release|iPhoneSimulator
		Release|x64 = Release|x64
		Release|x86 = Release|x86
	EndGlobalSection
	GlobalSection(ProjectConfigurationPlatforms) = postSolution
		{764744EE-CAD1-4E53-88D4-7D5818C697AD}.Ad-Hoc|Any CPU.ActiveCfg = Release|Any CPU
		{764744EE-CAD1-4E53-88D4-7D5818C697AD}.Ad-Hoc|Any CPU.Build.0 = Release|Any CPU
		{764744EE-CAD1-4E53-88D4-7D5818C697AD}.Ad-Hoc|Any CPU.Deploy.0 = Release|Any CPU
		{764744EE-CAD1-4E53-88D4-7D5818C697AD}.Ad-Hoc|ARM.ActiveCfg = Release|Any CPU
		{764744EE-CAD1-4E53-88D4-7D5818C697AD}.Ad-Hoc|ARM.Build.0 = Release|Any CPU
		{764744EE-CAD1-4E53-88D4-7D5818C697AD}.Ad-Hoc|ARM.Deploy.0 = Release|Any CPU
		{764744EE-CAD1-4E53-88D4-7D5818C697AD}.Ad-Hoc|iPhone.ActiveCfg = Release|Any CPU
		{764744EE-CAD1-4E53-88D4-7D5818C697AD}.Ad-Hoc|iPhone.Build.0 = Release|Any CPU
		{764744EE-CAD1-4E53-88D4-7D5818C697AD}.Ad-Hoc|iPhone.Deploy.0 = Release|Any CPU
		{764744EE-CAD1-4E53-88D4-7D5818C697AD}.Ad-Hoc|iPhoneSimulator.ActiveCfg = Release|Any CPU
		{764744EE-CAD1-4E53-88D4-7D5818C697AD}.Ad-Hoc|iPhoneSimulator.Build.0 = Release|Any CPU
		{764744EE-CAD1-4E53-88D4-7D5818C697AD}.Ad-Hoc|iPhoneSimulator.Deploy.0 = Release|Any CPU
		{764744EE-CAD1-4E53-88D4-7D5818C697AD}.Ad-Hoc|x64.ActiveCfg = Release|Any CPU
		{764744EE-CAD1-4E53-88D4-7D5818C697AD}.Ad-Hoc|x64.Build.0 = Release|Any CPU
		{764744EE-CAD1-4E53-88D4-7D5818C697AD}.Ad-Hoc|x64.Deploy.0 = Release|Any CPU
		{764744EE-CAD1-4E53-88D4-7D5818C697AD}.Ad-Hoc|x86.ActiveCfg = Release|Any CPU
		{764744EE-CAD1-4E53-88D4-7D5818C697AD}.Ad-Hoc|x86.Build.0 = Release|Any CPU
		{764744EE-CAD1-4E53-88D4-7D5818C697AD}.Ad-Hoc|x86.Deploy.0 = Release|Any CPU
		{764744EE-CAD1-4E53-88D4-7D5818C697AD}.AppStore|Any CPU.ActiveCfg = Release|Any CPU
		{764744EE-CAD1-4E53-88D4-7D5818C697AD}.AppStore|Any CPU.Build.0 = Release|Any CPU
		{764744EE-CAD1-4E53-88D4-7D5818C697AD}.AppStore|Any CPU.Deploy.0 = Release|Any CPU
		{764744EE-CAD1-4E53-88D4-7D5818C697AD}.AppStore|ARM.ActiveCfg = Release|Any CPU
		{764744EE-CAD1-4E53-88D4-7D5818C697AD}.AppStore|ARM.Build.0 = Release|Any CPU
		{764744EE-CAD1-4E53-88D4-7D5818C697AD}.AppStore|ARM.Deploy.0 = Release|Any CPU
		{764744EE-CAD1-4E53-88D4-7D5818C697AD}.AppStore|iPhone.ActiveCfg = Release|Any CPU
		{764744EE-CAD1-4E53-88D4-7D5818C697AD}.AppStore|iPhone.Build.0 = Release|Any CPU
		{764744EE-CAD1-4E53-88D4-7D5818C697AD}.AppStore|iPhone.Deploy.0 = Release|Any CPU
		{764744EE-CAD1-4E53-88D4-7D5818C697AD}.AppStore|iPhoneSimulator.ActiveCfg = Release|Any CPU
		{764744EE-CAD1-4E53-88D4-7D5818C697AD}.AppStore|iPhoneSimulator.Build.0 = Release|Any CPU
		{764744EE-CAD1-4E53-88D4-7D5818C697AD}.AppStore|iPhoneSimulator.Deploy.0 = Release|Any CPU
		{764744EE-CAD1-4E53-88D4-7D5818C697AD}.AppStore|x64.ActiveCfg = Release|Any CPU
		{764744EE-CAD1-4E53-88D4-7D5818C697AD}.AppStore|x64.Build.0 = Release|Any CPU
		{764744EE-CAD1-4E53-88D4-7D5818C697AD}.AppStore|x64.Deploy.0 = Release|Any CPU
		{764744EE-CAD1-4E53-88D4-7D5818C697AD}.AppStore|x86.ActiveCfg = Release|Any CPU
		{764744EE-CAD1-4E53-88D4-7D5818C697AD}.AppStore|x86.Build.0 = Release|Any CPU
		{764744EE-CAD1-4E53-88D4-7D5818C697AD}.AppStore|x86.Deploy.0 = Release|Any CPU
		{764744EE-CAD1-4E53-88D4-7D5818C697AD}.Debug|Any CPU.ActiveCfg = Debug|Any CPU
		{764744EE-CAD1-4E53-88D4-7D5818C697AD}.Debug|Any CPU.Build.0 = Debug|Any CPU
		{764744EE-CAD1-4E53-88D4-7D5818C697AD}.Debug|Any CPU.Deploy.0 = Debug|Any CPU
		{764744EE-CAD1-4E53-88D4-7D5818C697AD}.Debug|ARM.ActiveCfg = Debug|Any CPU
		{764744EE-CAD1-4E53-88D4-7D5818C697AD}.Debug|ARM.Build.0 = Debug|Any CPU
		{764744EE-CAD1-4E53-88D4-7D5818C697AD}.Debug|ARM.Deploy.0 = Debug|Any CPU
		{764744EE-CAD1-4E53-88D4-7D5818C697AD}.Debug|iPhone.ActiveCfg = Debug|Any CPU
		{764744EE-CAD1-4E53-88D4-7D5818C697AD}.Debug|iPhone.Build.0 = Debug|Any CPU
		{764744EE-CAD1-4E53-88D4-7D5818C697AD}.Debug|iPhone.Deploy.0 = Debug|Any CPU
		{764744EE-CAD1-4E53-88D4-7D5818C697AD}.Debug|iPhoneSimulator.ActiveCfg = Debug|Any CPU
		{764744EE-CAD1-4E53-88D4-7D5818C697AD}.Debug|iPhoneSimulator.Build.0 = Debug|Any CPU
		{764744EE-CAD1-4E53-88D4-7D5818C697AD}.Debug|iPhoneSimulator.Deploy.0 = Debug|Any CPU
		{764744EE-CAD1-4E53-88D4-7D5818C697AD}.Debug|x64.ActiveCfg = Debug|Any CPU
		{764744EE-CAD1-4E53-88D4-7D5818C697AD}.Debug|x64.Build.0 = Debug|Any CPU
		{764744EE-CAD1-4E53-88D4-7D5818C697AD}.Debug|x64.Deploy.0 = Debug|Any CPU
		{764744EE-CAD1-4E53-88D4-7D5818C697AD}.Debug|x86.ActiveCfg = Debug|Any CPU
		{764744EE-CAD1-4E53-88D4-7D5818C697AD}.Debug|x86.Build.0 = Debug|Any CPU
		{764744EE-CAD1-4E53-88D4-7D5818C697AD}.Debug|x86.Deploy.0 = Debug|Any CPU
		{764744EE-CAD1-4E53-88D4-7D5818C697AD}.Release|Any CPU.ActiveCfg = Release|Any CPU
		{764744EE-CAD1-4E53-88D4-7D5818C697AD}.Release|Any CPU.Build.0 = Release|Any CPU
		{764744EE-CAD1-4E53-88D4-7D5818C697AD}.Release|Any CPU.Deploy.0 = Release|Any CPU
		{764744EE-CAD1-4E53-88D4-7D5818C697AD}.Release|ARM.ActiveCfg = Release|Any CPU
		{764744EE-CAD1-4E53-88D4-7D5818C697AD}.Release|ARM.Build.0 = Release|Any CPU
		{764744EE-CAD1-4E53-88D4-7D5818C697AD}.Release|ARM.Deploy.0 = Release|Any CPU
		{764744EE-CAD1-4E53-88D4-7D5818C697AD}.Release|iPhone.ActiveCfg = Release|Any CPU
		{764744EE-CAD1-4E53-88D4-7D5818C697AD}.Release|iPhone.Build.0 = Release|Any CPU
		{764744EE-CAD1-4E53-88D4-7D5818C697AD}.Release|iPhone.Deploy.0 = Release|Any CPU
		{764744EE-CAD1-4E53-88D4-7D5818C697AD}.Release|iPhoneSimulator.ActiveCfg = Release|Any CPU
		{764744EE-CAD1-4E53-88D4-7D5818C697AD}.Release|iPhoneSimulator.Build.0 = Release|Any CPU
		{764744EE-CAD1-4E53-88D4-7D5818C697AD}.Release|iPhoneSimulator.Deploy.0 = Release|Any CPU
		{764744EE-CAD1-4E53-88D4-7D5818C697AD}.Release|x64.ActiveCfg = Release|Any CPU
		{764744EE-CAD1-4E53-88D4-7D5818C697AD}.Release|x64.Build.0 = Release|Any CPU
		{764744EE-CAD1-4E53-88D4-7D5818C697AD}.Release|x64.Deploy.0 = Release|Any CPU
		{764744EE-CAD1-4E53-88D4-7D5818C697AD}.Release|x86.ActiveCfg = Release|Any CPU
		{764744EE-CAD1-4E53-88D4-7D5818C697AD}.Release|x86.Build.0 = Release|Any CPU
		{764744EE-CAD1-4E53-88D4-7D5818C697AD}.Release|x86.Deploy.0 = Release|Any CPU
		{9BF522D5-4E71-48A0-B427-6758DED8C1F9}.Ad-Hoc|Any CPU.ActiveCfg = Ad-Hoc|iPhone
		{9BF522D5-4E71-48A0-B427-6758DED8C1F9}.Ad-Hoc|ARM.ActiveCfg = Ad-Hoc|iPhone
		{9BF522D5-4E71-48A0-B427-6758DED8C1F9}.Ad-Hoc|iPhone.ActiveCfg = Ad-Hoc|iPhone
		{9BF522D5-4E71-48A0-B427-6758DED8C1F9}.Ad-Hoc|iPhone.Build.0 = Ad-Hoc|iPhone
		{9BF522D5-4E71-48A0-B427-6758DED8C1F9}.Ad-Hoc|iPhoneSimulator.ActiveCfg = Ad-Hoc|iPhoneSimulator
		{9BF522D5-4E71-48A0-B427-6758DED8C1F9}.Ad-Hoc|iPhoneSimulator.Build.0 = Ad-Hoc|iPhoneSimulator
		{9BF522D5-4E71-48A0-B427-6758DED8C1F9}.Ad-Hoc|x64.ActiveCfg = Ad-Hoc|iPhone
		{9BF522D5-4E71-48A0-B427-6758DED8C1F9}.Ad-Hoc|x86.ActiveCfg = Ad-Hoc|iPhone
		{9BF522D5-4E71-48A0-B427-6758DED8C1F9}.AppStore|Any CPU.ActiveCfg = AppStore|iPhone
		{9BF522D5-4E71-48A0-B427-6758DED8C1F9}.AppStore|ARM.ActiveCfg = AppStore|iPhone
		{9BF522D5-4E71-48A0-B427-6758DED8C1F9}.AppStore|iPhone.ActiveCfg = AppStore|iPhone
		{9BF522D5-4E71-48A0-B427-6758DED8C1F9}.AppStore|iPhone.Build.0 = AppStore|iPhone
		{9BF522D5-4E71-48A0-B427-6758DED8C1F9}.AppStore|iPhoneSimulator.ActiveCfg = AppStore|iPhoneSimulator
		{9BF522D5-4E71-48A0-B427-6758DED8C1F9}.AppStore|iPhoneSimulator.Build.0 = AppStore|iPhoneSimulator
		{9BF522D5-4E71-48A0-B427-6758DED8C1F9}.AppStore|x64.ActiveCfg = AppStore|iPhone
		{9BF522D5-4E71-48A0-B427-6758DED8C1F9}.AppStore|x86.ActiveCfg = AppStore|iPhone
		{9BF522D5-4E71-48A0-B427-6758DED8C1F9}.Debug|Any CPU.ActiveCfg = Debug|iPhone
		{9BF522D5-4E71-48A0-B427-6758DED8C1F9}.Debug|ARM.ActiveCfg = Debug|iPhone
		{9BF522D5-4E71-48A0-B427-6758DED8C1F9}.Debug|iPhone.ActiveCfg = Debug|iPhone
		{9BF522D5-4E71-48A0-B427-6758DED8C1F9}.Debug|iPhone.Build.0 = Debug|iPhone
		{9BF522D5-4E71-48A0-B427-6758DED8C1F9}.Debug|iPhoneSimulator.ActiveCfg = Debug|iPhoneSimulator
		{9BF522D5-4E71-48A0-B427-6758DED8C1F9}.Debug|iPhoneSimulator.Build.0 = Debug|iPhoneSimulator
		{9BF522D5-4E71-48A0-B427-6758DED8C1F9}.Debug|x64.ActiveCfg = Debug|iPhone
		{9BF522D5-4E71-48A0-B427-6758DED8C1F9}.Debug|x86.ActiveCfg = Debug|iPhone
		{9BF522D5-4E71-48A0-B427-6758DED8C1F9}.Release|Any CPU.ActiveCfg = Release|iPhone
		{9BF522D5-4E71-48A0-B427-6758DED8C1F9}.Release|ARM.ActiveCfg = Release|iPhone
		{9BF522D5-4E71-48A0-B427-6758DED8C1F9}.Release|iPhone.ActiveCfg = Release|iPhone
		{9BF522D5-4E71-48A0-B427-6758DED8C1F9}.Release|iPhone.Build.0 = Release|iPhone
		{9BF522D5-4E71-48A0-B427-6758DED8C1F9}.Release|iPhoneSimulator.ActiveCfg = Release|iPhoneSimulator
		{9BF522D5-4E71-48A0-B427-6758DED8C1F9}.Release|iPhoneSimulator.Build.0 = Release|iPhoneSimulator
		{9BF522D5-4E71-48A0-B427-6758DED8C1F9}.Release|x64.ActiveCfg = Release|iPhone
		{9BF522D5-4E71-48A0-B427-6758DED8C1F9}.Release|x86.ActiveCfg = Release|iPhone
		{40D63C6D-9B6A-4DE9-86F7-0DAE506E1921}.Ad-Hoc|Any CPU.ActiveCfg = Release|x86
		{40D63C6D-9B6A-4DE9-86F7-0DAE506E1921}.Ad-Hoc|Any CPU.Build.0 = Release|x86
		{40D63C6D-9B6A-4DE9-86F7-0DAE506E1921}.Ad-Hoc|Any CPU.Deploy.0 = Release|x86
		{40D63C6D-9B6A-4DE9-86F7-0DAE506E1921}.Ad-Hoc|ARM.ActiveCfg = Release|ARM
		{40D63C6D-9B6A-4DE9-86F7-0DAE506E1921}.Ad-Hoc|ARM.Build.0 = Release|ARM
		{40D63C6D-9B6A-4DE9-86F7-0DAE506E1921}.Ad-Hoc|ARM.Deploy.0 = Release|ARM
		{40D63C6D-9B6A-4DE9-86F7-0DAE506E1921}.Ad-Hoc|iPhone.ActiveCfg = Release|x86
		{40D63C6D-9B6A-4DE9-86F7-0DAE506E1921}.Ad-Hoc|iPhone.Build.0 = Release|x86
		{40D63C6D-9B6A-4DE9-86F7-0DAE506E1921}.Ad-Hoc|iPhone.Deploy.0 = Release|x86
		{40D63C6D-9B6A-4DE9-86F7-0DAE506E1921}.Ad-Hoc|iPhoneSimulator.ActiveCfg = Release|x86
		{40D63C6D-9B6A-4DE9-86F7-0DAE506E1921}.Ad-Hoc|iPhoneSimulator.Build.0 = Release|x86
		{40D63C6D-9B6A-4DE9-86F7-0DAE506E1921}.Ad-Hoc|iPhoneSimulator.Deploy.0 = Release|x86
		{40D63C6D-9B6A-4DE9-86F7-0DAE506E1921}.Ad-Hoc|x64.ActiveCfg = Release|x64
		{40D63C6D-9B6A-4DE9-86F7-0DAE506E1921}.Ad-Hoc|x64.Build.0 = Release|x64
		{40D63C6D-9B6A-4DE9-86F7-0DAE506E1921}.Ad-Hoc|x64.Deploy.0 = Release|x64
		{40D63C6D-9B6A-4DE9-86F7-0DAE506E1921}.Ad-Hoc|x86.ActiveCfg = Release|x86
		{40D63C6D-9B6A-4DE9-86F7-0DAE506E1921}.Ad-Hoc|x86.Build.0 = Release|x86
		{40D63C6D-9B6A-4DE9-86F7-0DAE506E1921}.Ad-Hoc|x86.Deploy.0 = Release|x86
		{40D63C6D-9B6A-4DE9-86F7-0DAE506E1921}.AppStore|Any CPU.ActiveCfg = Release|x86
		{40D63C6D-9B6A-4DE9-86F7-0DAE506E1921}.AppStore|Any CPU.Build.0 = Release|x86
		{40D63C6D-9B6A-4DE9-86F7-0DAE506E1921}.AppStore|Any CPU.Deploy.0 = Release|x86
		{40D63C6D-9B6A-4DE9-86F7-0DAE506E1921}.AppStore|ARM.ActiveCfg = Release|ARM
		{40D63C6D-9B6A-4DE9-86F7-0DAE506E1921}.AppStore|ARM.Build.0 = Release|ARM
		{40D63C6D-9B6A-4DE9-86F7-0DAE506E1921}.AppStore|ARM.Deploy.0 = Release|ARM
		{40D63C6D-9B6A-4DE9-86F7-0DAE506E1921}.AppStore|iPhone.ActiveCfg = Release|x86
		{40D63C6D-9B6A-4DE9-86F7-0DAE506E1921}.AppStore|iPhone.Build.0 = Release|x86
		{40D63C6D-9B6A-4DE9-86F7-0DAE506E1921}.AppStore|iPhone.Deploy.0 = Release|x86
		{40D63C6D-9B6A-4DE9-86F7-0DAE506E1921}.AppStore|iPhoneSimulator.ActiveCfg = Release|x86
		{40D63C6D-9B6A-4DE9-86F7-0DAE506E1921}.AppStore|iPhoneSimulator.Build.0 = Release|x86
		{40D63C6D-9B6A-4DE9-86F7-0DAE506E1921}.AppStore|iPhoneSimulator.Deploy.0 = Release|x86
		{40D63C6D-9B6A-4DE9-86F7-0DAE506E1921}.AppStore|x64.ActiveCfg = Release|x64
		{40D63C6D-9B6A-4DE9-86F7-0DAE506E1921}.AppStore|x64.Build.0 = Release|x64
		{40D63C6D-9B6A-4DE9-86F7-0DAE506E1921}.AppStore|x64.Deploy.0 = Release|x64
		{40D63C6D-9B6A-4DE9-86F7-0DAE506E1921}.AppStore|x86.ActiveCfg = Release|x86
		{40D63C6D-9B6A-4DE9-86F7-0DAE506E1921}.AppStore|x86.Build.0 = Release|x86
		{40D63C6D-9B6A-4DE9-86F7-0DAE506E1921}.AppStore|x86.Deploy.0 = Release|x86
		{40D63C6D-9B6A-4DE9-86F7-0DAE506E1921}.Debug|Any CPU.ActiveCfg = Debug|x86
		{40D63C6D-9B6A-4DE9-86F7-0DAE506E1921}.Debug|ARM.ActiveCfg = Debug|ARM
		{40D63C6D-9B6A-4DE9-86F7-0DAE506E1921}.Debug|ARM.Build.0 = Debug|ARM
		{40D63C6D-9B6A-4DE9-86F7-0DAE506E1921}.Debug|ARM.Deploy.0 = Debug|ARM
		{40D63C6D-9B6A-4DE9-86F7-0DAE506E1921}.Debug|iPhone.ActiveCfg = Debug|x86
		{40D63C6D-9B6A-4DE9-86F7-0DAE506E1921}.Debug|iPhoneSimulator.ActiveCfg = Debug|x86
		{40D63C6D-9B6A-4DE9-86F7-0DAE506E1921}.Debug|x64.ActiveCfg = Debug|x64
		{40D63C6D-9B6A-4DE9-86F7-0DAE506E1921}.Debug|x64.Build.0 = Debug|x64
		{40D63C6D-9B6A-4DE9-86F7-0DAE506E1921}.Debug|x64.Deploy.0 = Debug|x64
		{40D63C6D-9B6A-4DE9-86F7-0DAE506E1921}.Debug|x86.ActiveCfg = Debug|x86
		{40D63C6D-9B6A-4DE9-86F7-0DAE506E1921}.Debug|x86.Build.0 = Debug|x86
		{40D63C6D-9B6A-4DE9-86F7-0DAE506E1921}.Debug|x86.Deploy.0 = Debug|x86
		{40D63C6D-9B6A-4DE9-86F7-0DAE506E1921}.Release|Any CPU.ActiveCfg = Release|x86
		{40D63C6D-9B6A-4DE9-86F7-0DAE506E1921}.Release|ARM.ActiveCfg = Release|ARM
		{40D63C6D-9B6A-4DE9-86F7-0DAE506E1921}.Release|ARM.Build.0 = Release|ARM
		{40D63C6D-9B6A-4DE9-86F7-0DAE506E1921}.Release|ARM.Deploy.0 = Release|ARM
		{40D63C6D-9B6A-4DE9-86F7-0DAE506E1921}.Release|iPhone.ActiveCfg = Release|x86
		{40D63C6D-9B6A-4DE9-86F7-0DAE506E1921}.Release|iPhoneSimulator.ActiveCfg = Release|x86
		{40D63C6D-9B6A-4DE9-86F7-0DAE506E1921}.Release|x64.ActiveCfg = Release|x64
		{40D63C6D-9B6A-4DE9-86F7-0DAE506E1921}.Release|x64.Build.0 = Release|x64
		{40D63C6D-9B6A-4DE9-86F7-0DAE506E1921}.Release|x64.Deploy.0 = Release|x64
		{40D63C6D-9B6A-4DE9-86F7-0DAE506E1921}.Release|x86.ActiveCfg = Release|x86
		{40D63C6D-9B6A-4DE9-86F7-0DAE506E1921}.Release|x86.Build.0 = Release|x86
		{40D63C6D-9B6A-4DE9-86F7-0DAE506E1921}.Release|x86.Deploy.0 = Release|x86
		{537BAE88-9011-482F-BEE5-5D977FC08A9A}.Ad-Hoc|Any CPU.ActiveCfg = Debug|Any CPU
		{537BAE88-9011-482F-BEE5-5D977FC08A9A}.Ad-Hoc|Any CPU.Build.0 = Debug|Any CPU
		{537BAE88-9011-482F-BEE5-5D977FC08A9A}.Ad-Hoc|ARM.ActiveCfg = Debug|Any CPU
		{537BAE88-9011-482F-BEE5-5D977FC08A9A}.Ad-Hoc|ARM.Build.0 = Debug|Any CPU
		{537BAE88-9011-482F-BEE5-5D977FC08A9A}.Ad-Hoc|iPhone.ActiveCfg = Debug|Any CPU
		{537BAE88-9011-482F-BEE5-5D977FC08A9A}.Ad-Hoc|iPhone.Build.0 = Debug|Any CPU
		{537BAE88-9011-482F-BEE5-5D977FC08A9A}.Ad-Hoc|iPhoneSimulator.ActiveCfg = Debug|Any CPU
		{537BAE88-9011-482F-BEE5-5D977FC08A9A}.Ad-Hoc|iPhoneSimulator.Build.0 = Debug|Any CPU
		{537BAE88-9011-482F-BEE5-5D977FC08A9A}.Ad-Hoc|x64.ActiveCfg = Debug|Any CPU
		{537BAE88-9011-482F-BEE5-5D977FC08A9A}.Ad-Hoc|x64.Build.0 = Debug|Any CPU
		{537BAE88-9011-482F-BEE5-5D977FC08A9A}.Ad-Hoc|x86.ActiveCfg = Debug|Any CPU
		{537BAE88-9011-482F-BEE5-5D977FC08A9A}.Ad-Hoc|x86.Build.0 = Debug|Any CPU
		{537BAE88-9011-482F-BEE5-5D977FC08A9A}.AppStore|Any CPU.ActiveCfg = Debug|Any CPU
		{537BAE88-9011-482F-BEE5-5D977FC08A9A}.AppStore|Any CPU.Build.0 = Debug|Any CPU
		{537BAE88-9011-482F-BEE5-5D977FC08A9A}.AppStore|ARM.ActiveCfg = Debug|Any CPU
		{537BAE88-9011-482F-BEE5-5D977FC08A9A}.AppStore|ARM.Build.0 = Debug|Any CPU
		{537BAE88-9011-482F-BEE5-5D977FC08A9A}.AppStore|iPhone.ActiveCfg = Debug|Any CPU
		{537BAE88-9011-482F-BEE5-5D977FC08A9A}.AppStore|iPhone.Build.0 = Debug|Any CPU
		{537BAE88-9011-482F-BEE5-5D977FC08A9A}.AppStore|iPhoneSimulator.ActiveCfg = Debug|Any CPU
		{537BAE88-9011-482F-BEE5-5D977FC08A9A}.AppStore|iPhoneSimulator.Build.0 = Debug|Any CPU
		{537BAE88-9011-482F-BEE5-5D977FC08A9A}.AppStore|x64.ActiveCfg = Debug|Any CPU
		{537BAE88-9011-482F-BEE5-5D977FC08A9A}.AppStore|x64.Build.0 = Debug|Any CPU
		{537BAE88-9011-482F-BEE5-5D977FC08A9A}.AppStore|x86.ActiveCfg = Debug|Any CPU
		{537BAE88-9011-482F-BEE5-5D977FC08A9A}.AppStore|x86.Build.0 = Debug|Any CPU
		{537BAE88-9011-482F-BEE5-5D977FC08A9A}.Debug|Any CPU.ActiveCfg = Debug|Any CPU
		{537BAE88-9011-482F-BEE5-5D977FC08A9A}.Debug|Any CPU.Build.0 = Debug|Any CPU
		{537BAE88-9011-482F-BEE5-5D977FC08A9A}.Debug|ARM.ActiveCfg = Debug|Any CPU
		{537BAE88-9011-482F-BEE5-5D977FC08A9A}.Debug|ARM.Build.0 = Debug|Any CPU
		{537BAE88-9011-482F-BEE5-5D977FC08A9A}.Debug|iPhone.ActiveCfg = Debug|Any CPU
		{537BAE88-9011-482F-BEE5-5D977FC08A9A}.Debug|iPhone.Build.0 = Debug|Any CPU
		{537BAE88-9011-482F-BEE5-5D977FC08A9A}.Debug|iPhoneSimulator.ActiveCfg = Debug|Any CPU
		{537BAE88-9011-482F-BEE5-5D977FC08A9A}.Debug|iPhoneSimulator.Build.0 = Debug|Any CPU
		{537BAE88-9011-482F-BEE5-5D977FC08A9A}.Debug|x64.ActiveCfg = Debug|Any CPU
		{537BAE88-9011-482F-BEE5-5D977FC08A9A}.Debug|x64.Build.0 = Debug|Any CPU
		{537BAE88-9011-482F-BEE5-5D977FC08A9A}.Debug|x86.ActiveCfg = Debug|Any CPU
		{537BAE88-9011-482F-BEE5-5D977FC08A9A}.Debug|x86.Build.0 = Debug|Any CPU
		{537BAE88-9011-482F-BEE5-5D977FC08A9A}.Release|Any CPU.ActiveCfg = Release|Any CPU
		{537BAE88-9011-482F-BEE5-5D977FC08A9A}.Release|Any CPU.Build.0 = Release|Any CPU
		{537BAE88-9011-482F-BEE5-5D977FC08A9A}.Release|ARM.ActiveCfg = Release|Any CPU
		{537BAE88-9011-482F-BEE5-5D977FC08A9A}.Release|ARM.Build.0 = Release|Any CPU
		{537BAE88-9011-482F-BEE5-5D977FC08A9A}.Release|iPhone.ActiveCfg = Release|Any CPU
		{537BAE88-9011-482F-BEE5-5D977FC08A9A}.Release|iPhone.Build.0 = Release|Any CPU
		{537BAE88-9011-482F-BEE5-5D977FC08A9A}.Release|iPhoneSimulator.ActiveCfg = Release|Any CPU
		{537BAE88-9011-482F-BEE5-5D977FC08A9A}.Release|iPhoneSimulator.Build.0 = Release|Any CPU
		{537BAE88-9011-482F-BEE5-5D977FC08A9A}.Release|x64.ActiveCfg = Release|Any CPU
		{537BAE88-9011-482F-BEE5-5D977FC08A9A}.Release|x64.Build.0 = Release|Any CPU
		{537BAE88-9011-482F-BEE5-5D977FC08A9A}.Release|x86.ActiveCfg = Release|Any CPU
		{537BAE88-9011-482F-BEE5-5D977FC08A9A}.Release|x86.Build.0 = Release|Any CPU
	EndGlobalSection
	GlobalSection(SolutionProperties) = preSolution
		HideSolutionNode = FALSE
	EndGlobalSection
	GlobalSection(ExtensibilityGlobals) = postSolution
		SolutionGuid = {8F0E4A57-0A2B-4965-AEA9-328B78ECE993}
	EndGlobalSection
EndGlobal
