
Microsoft Visual Studio Solution File, Format Version 12.00
# Visual Studio 15
VisualStudioVersion = 15.0.27428.2015
MinimumVisualStudioVersion = 10.0.40219.1
Project("{FAE04EC0-301F-11D3-BF4B-00C04F79EFBC}") = "XamTestBuild.Android", "XamTestBuild\XamTestBuild.Android\XamTestBuild.Android.csproj", "{CF66B8B6-76BB-4BC4-A3FB-B14641FE6979}"
EndProject
Project("{FAE04EC0-301F-11D3-BF4B-00C04F79EFBC}") = "XamTestBuild.iOS", "XamTestBuild\XamTestBuild.iOS\XamTestBuild.iOS.csproj", "{F9F86314-68FB-4B92-8268-3245D70D7DB1}"
EndProject
Project("{FAE04EC0-301F-11D3-BF4B-00C04F79EFBC}") = "XamTestBuild.UWP", "XamTestBuild\XamTestBuild.UWP\XamTestBuild.UWP.csproj", "{1B573A9A-F461-46A0-9A54-1ABB116C7AE5}"
EndProject
Project("{FAE04EC0-301F-11D3-BF4B-00C04F79EFBC}") = "XamTestBuild", "XamTestBuild\XamTestBuild\XamTestBuild.csproj", "{460E98DD-635F-41D7-8746-282EC3192C06}"
EndProject
Global
	GlobalSection(SolutionConfigurationPlatforms) = preSolution
		Ad-Hoc|Any CPU = Ad-Hoc|Any CPU
		Ad-Hoc|ARM = Ad-Hoc|ARM
		Ad-Hoc|iPhone = Ad-Hoc|iPhone
		Ad-Hoc|iPhoneSimulator = Ad-Hoc|iPhoneSimulator
		Ad-Hoc|x64 = Ad-Hoc|x64
		Ad-Hoc|x86 = Ad-Hoc|x86
		AppStore|Any CPU = AppStore|Any CPU
		AppStore|ARM = AppStore|ARM
		AppStore|iPhone = AppStore|iPhone
		AppStore|iPhoneSimulator = AppStore|iPhoneSimulator
		AppStore|x64 = AppStore|x64
		AppStore|x86 = AppStore|x86
		Debug|Any CPU = Debug|Any CPU
		Debug|ARM = Debug|ARM
		Debug|iPhone = Debug|iPhone
		Debug|iPhoneSimulator = Debug|iPhoneSimulator
		Debug|x64 = Debug|x64
		Debug|x86 = Debug|x86
		Release|Any CPU = Release|Any CPU
		Release|ARM = Release|ARM
		Release|iPhone = Release|iPhone
		Release|iPhoneSimulator = Release|iPhoneSimulator
		Release|x64 = Release|x64
		Release|x86 = Release|x86
	EndGlobalSection
	GlobalSection(ProjectConfigurationPlatforms) = postSolution
		{CF66B8B6-76BB-4BC4-A3FB-B14641FE6979}.Ad-Hoc|Any CPU.ActiveCfg = Release|Any CPU
		{CF66B8B6-76BB-4BC4-A3FB-B14641FE6979}.Ad-Hoc|Any CPU.Build.0 = Release|Any CPU
		{CF66B8B6-76BB-4BC4-A3FB-B14641FE6979}.Ad-Hoc|Any CPU.Deploy.0 = Release|Any CPU
		{CF66B8B6-76BB-4BC4-A3FB-B14641FE6979}.Ad-Hoc|ARM.ActiveCfg = Release|Any CPU
		{CF66B8B6-76BB-4BC4-A3FB-B14641FE6979}.Ad-Hoc|ARM.Build.0 = Release|Any CPU
		{CF66B8B6-76BB-4BC4-A3FB-B14641FE6979}.Ad-Hoc|ARM.Deploy.0 = Release|Any CPU
		{CF66B8B6-76BB-4BC4-A3FB-B14641FE6979}.Ad-Hoc|iPhone.ActiveCfg = Release|Any CPU
		{CF66B8B6-76BB-4BC4-A3FB-B14641FE6979}.Ad-Hoc|iPhone.Build.0 = Release|Any CPU
		{CF66B8B6-76BB-4BC4-A3FB-B14641FE6979}.Ad-Hoc|iPhone.Deploy.0 = Release|Any CPU
		{CF66B8B6-76BB-4BC4-A3FB-B14641FE6979}.Ad-Hoc|iPhoneSimulator.ActiveCfg = Release|Any CPU
		{CF66B8B6-76BB-4BC4-A3FB-B14641FE6979}.Ad-Hoc|iPhoneSimulator.Build.0 = Release|Any CPU
		{CF66B8B6-76BB-4BC4-A3FB-B14641FE6979}.Ad-Hoc|iPhoneSimulator.Deploy.0 = Release|Any CPU
		{CF66B8B6-76BB-4BC4-A3FB-B14641FE6979}.Ad-Hoc|x64.ActiveCfg = Release|Any CPU
		{CF66B8B6-76BB-4BC4-A3FB-B14641FE6979}.Ad-Hoc|x64.Build.0 = Release|Any CPU
		{CF66B8B6-76BB-4BC4-A3FB-B14641FE6979}.Ad-Hoc|x64.Deploy.0 = Release|Any CPU
		{CF66B8B6-76BB-4BC4-A3FB-B14641FE6979}.Ad-Hoc|x86.ActiveCfg = Release|Any CPU
		{CF66B8B6-76BB-4BC4-A3FB-B14641FE6979}.Ad-Hoc|x86.Build.0 = Release|Any CPU
		{CF66B8B6-76BB-4BC4-A3FB-B14641FE6979}.Ad-Hoc|x86.Deploy.0 = Release|Any CPU
		{CF66B8B6-76BB-4BC4-A3FB-B14641FE6979}.AppStore|Any CPU.ActiveCfg = Release|Any CPU
		{CF66B8B6-76BB-4BC4-A3FB-B14641FE6979}.AppStore|Any CPU.Build.0 = Release|Any CPU
		{CF66B8B6-76BB-4BC4-A3FB-B14641FE6979}.AppStore|Any CPU.Deploy.0 = Release|Any CPU
		{CF66B8B6-76BB-4BC4-A3FB-B14641FE6979}.AppStore|ARM.ActiveCfg = Release|Any CPU
		{CF66B8B6-76BB-4BC4-A3FB-B14641FE6979}.AppStore|ARM.Build.0 = Release|Any CPU
		{CF66B8B6-76BB-4BC4-A3FB-B14641FE6979}.AppStore|ARM.Deploy.0 = Release|Any CPU
		{CF66B8B6-76BB-4BC4-A3FB-B14641FE6979}.AppStore|iPhone.ActiveCfg = Release|Any CPU
		{CF66B8B6-76BB-4BC4-A3FB-B14641FE6979}.AppStore|iPhone.Build.0 = Release|Any CPU
		{CF66B8B6-76BB-4BC4-A3FB-B14641FE6979}.AppStore|iPhone.Deploy.0 = Release|Any CPU
		{CF66B8B6-76BB-4BC4-A3FB-B14641FE6979}.AppStore|iPhoneSimulator.ActiveCfg = Release|Any CPU
		{CF66B8B6-76BB-4BC4-A3FB-B14641FE6979}.AppStore|iPhoneSimulator.Build.0 = Release|Any CPU
		{CF66B8B6-76BB-4BC4-A3FB-B14641FE6979}.AppStore|iPhoneSimulator.Deploy.0 = Release|Any CPU
		{CF66B8B6-76BB-4BC4-A3FB-B14641FE6979}.AppStore|x64.ActiveCfg = Release|Any CPU
		{CF66B8B6-76BB-4BC4-A3FB-B14641FE6979}.AppStore|x64.Build.0 = Release|Any CPU
		{CF66B8B6-76BB-4BC4-A3FB-B14641FE6979}.AppStore|x64.Deploy.0 = Release|Any CPU
		{CF66B8B6-76BB-4BC4-A3FB-B14641FE6979}.AppStore|x86.ActiveCfg = Release|Any CPU
		{CF66B8B6-76BB-4BC4-A3FB-B14641FE6979}.AppStore|x86.Build.0 = Release|Any CPU
		{CF66B8B6-76BB-4BC4-A3FB-B14641FE6979}.AppStore|x86.Deploy.0 = Release|Any CPU
		{CF66B8B6-76BB-4BC4-A3FB-B14641FE6979}.Debug|Any CPU.ActiveCfg = Debug|Any CPU
		{CF66B8B6-76BB-4BC4-A3FB-B14641FE6979}.Debug|Any CPU.Build.0 = Debug|Any CPU
		{CF66B8B6-76BB-4BC4-A3FB-B14641FE6979}.Debug|Any CPU.Deploy.0 = Debug|Any CPU
		{CF66B8B6-76BB-4BC4-A3FB-B14641FE6979}.Debug|ARM.ActiveCfg = Debug|Any CPU
		{CF66B8B6-76BB-4BC4-A3FB-B14641FE6979}.Debug|ARM.Build.0 = Debug|Any CPU
		{CF66B8B6-76BB-4BC4-A3FB-B14641FE6979}.Debug|ARM.Deploy.0 = Debug|Any CPU
		{CF66B8B6-76BB-4BC4-A3FB-B14641FE6979}.Debug|iPhone.ActiveCfg = Debug|Any CPU
		{CF66B8B6-76BB-4BC4-A3FB-B14641FE6979}.Debug|iPhone.Build.0 = Debug|Any CPU
		{CF66B8B6-76BB-4BC4-A3FB-B14641FE6979}.Debug|iPhone.Deploy.0 = Debug|Any CPU
		{CF66B8B6-76BB-4BC4-A3FB-B14641FE6979}.Debug|iPhoneSimulator.ActiveCfg = Debug|Any CPU
		{CF66B8B6-76BB-4BC4-A3FB-B14641FE6979}.Debug|iPhoneSimulator.Build.0 = Debug|Any CPU
		{CF66B8B6-76BB-4BC4-A3FB-B14641FE6979}.Debug|iPhoneSimulator.Deploy.0 = Debug|Any CPU
		{CF66B8B6-76BB-4BC4-A3FB-B14641FE6979}.Debug|x64.ActiveCfg = Debug|Any CPU
		{CF66B8B6-76BB-4BC4-A3FB-B14641FE6979}.Debug|x64.Build.0 = Debug|Any CPU
		{CF66B8B6-76BB-4BC4-A3FB-B14641FE6979}.Debug|x64.Deploy.0 = Debug|Any CPU
		{CF66B8B6-76BB-4BC4-A3FB-B14641FE6979}.Debug|x86.ActiveCfg = Debug|Any CPU
		{CF66B8B6-76BB-4BC4-A3FB-B14641FE6979}.Debug|x86.Build.0 = Debug|Any CPU
		{CF66B8B6-76BB-4BC4-A3FB-B14641FE6979}.Debug|x86.Deploy.0 = Debug|Any CPU
		{CF66B8B6-76BB-4BC4-A3FB-B14641FE6979}.Release|Any CPU.ActiveCfg = Release|Any CPU
		{CF66B8B6-76BB-4BC4-A3FB-B14641FE6979}.Release|Any CPU.Build.0 = Release|Any CPU
		{CF66B8B6-76BB-4BC4-A3FB-B14641FE6979}.Release|Any CPU.Deploy.0 = Release|Any CPU
		{CF66B8B6-76BB-4BC4-A3FB-B14641FE6979}.Release|ARM.ActiveCfg = Release|Any CPU
		{CF66B8B6-76BB-4BC4-A3FB-B14641FE6979}.Release|ARM.Build.0 = Release|Any CPU
		{CF66B8B6-76BB-4BC4-A3FB-B14641FE6979}.Release|ARM.Deploy.0 = Release|Any CPU
		{CF66B8B6-76BB-4BC4-A3FB-B14641FE6979}.Release|iPhone.ActiveCfg = Release|Any CPU
		{CF66B8B6-76BB-4BC4-A3FB-B14641FE6979}.Release|iPhone.Build.0 = Release|Any CPU
		{CF66B8B6-76BB-4BC4-A3FB-B14641FE6979}.Release|iPhone.Deploy.0 = Release|Any CPU
		{CF66B8B6-76BB-4BC4-A3FB-B14641FE6979}.Release|iPhoneSimulator.ActiveCfg = Release|Any CPU
		{CF66B8B6-76BB-4BC4-A3FB-B14641FE6979}.Release|iPhoneSimulator.Build.0 = Release|Any CPU
		{CF66B8B6-76BB-4BC4-A3FB-B14641FE6979}.Release|iPhoneSimulator.Deploy.0 = Release|Any CPU
		{CF66B8B6-76BB-4BC4-A3FB-B14641FE6979}.Release|x64.ActiveCfg = Release|Any CPU
		{CF66B8B6-76BB-4BC4-A3FB-B14641FE6979}.Release|x64.Build.0 = Release|Any CPU
		{CF66B8B6-76BB-4BC4-A3FB-B14641FE6979}.Release|x64.Deploy.0 = Release|Any CPU
		{CF66B8B6-76BB-4BC4-A3FB-B14641FE6979}.Release|x86.ActiveCfg = Release|Any CPU
		{CF66B8B6-76BB-4BC4-A3FB-B14641FE6979}.Release|x86.Build.0 = Release|Any CPU
		{CF66B8B6-76BB-4BC4-A3FB-B14641FE6979}.Release|x86.Deploy.0 = Release|Any CPU
		{F9F86314-68FB-4B92-8268-3245D70D7DB1}.Ad-Hoc|Any CPU.ActiveCfg = Ad-Hoc|iPhone
		{F9F86314-68FB-4B92-8268-3245D70D7DB1}.Ad-Hoc|ARM.ActiveCfg = Ad-Hoc|iPhone
		{F9F86314-68FB-4B92-8268-3245D70D7DB1}.Ad-Hoc|iPhone.ActiveCfg = Ad-Hoc|iPhone
		{F9F86314-68FB-4B92-8268-3245D70D7DB1}.Ad-Hoc|iPhone.Build.0 = Ad-Hoc|iPhone
		{F9F86314-68FB-4B92-8268-3245D70D7DB1}.Ad-Hoc|iPhoneSimulator.ActiveCfg = Ad-Hoc|iPhoneSimulator
		{F9F86314-68FB-4B92-8268-3245D70D7DB1}.Ad-Hoc|iPhoneSimulator.Build.0 = Ad-Hoc|iPhoneSimulator
		{F9F86314-68FB-4B92-8268-3245D70D7DB1}.Ad-Hoc|x64.ActiveCfg = Ad-Hoc|iPhone
		{F9F86314-68FB-4B92-8268-3245D70D7DB1}.Ad-Hoc|x86.ActiveCfg = Ad-Hoc|iPhone
		{F9F86314-68FB-4B92-8268-3245D70D7DB1}.AppStore|Any CPU.ActiveCfg = AppStore|iPhone
		{F9F86314-68FB-4B92-8268-3245D70D7DB1}.AppStore|ARM.ActiveCfg = AppStore|iPhone
		{F9F86314-68FB-4B92-8268-3245D70D7DB1}.AppStore|iPhone.ActiveCfg = AppStore|iPhone
		{F9F86314-68FB-4B92-8268-3245D70D7DB1}.AppStore|iPhone.Build.0 = AppStore|iPhone
		{F9F86314-68FB-4B92-8268-3245D70D7DB1}.AppStore|iPhoneSimulator.ActiveCfg = AppStore|iPhoneSimulator
		{F9F86314-68FB-4B92-8268-3245D70D7DB1}.AppStore|iPhoneSimulator.Build.0 = AppStore|iPhoneSimulator
		{F9F86314-68FB-4B92-8268-3245D70D7DB1}.AppStore|x64.ActiveCfg = AppStore|iPhone
		{F9F86314-68FB-4B92-8268-3245D70D7DB1}.AppStore|x86.ActiveCfg = AppStore|iPhone
		{F9F86314-68FB-4B92-8268-3245D70D7DB1}.Debug|Any CPU.ActiveCfg = Debug|iPhone
		{F9F86314-68FB-4B92-8268-3245D70D7DB1}.Debug|ARM.ActiveCfg = Debug|iPhone
		{F9F86314-68FB-4B92-8268-3245D70D7DB1}.Debug|iPhone.ActiveCfg = Debug|iPhone
		{F9F86314-68FB-4B92-8268-3245D70D7DB1}.Debug|iPhone.Build.0 = Debug|iPhone
		{F9F86314-68FB-4B92-8268-3245D70D7DB1}.Debug|iPhoneSimulator.ActiveCfg = Debug|iPhoneSimulator
		{F9F86314-68FB-4B92-8268-3245D70D7DB1}.Debug|iPhoneSimulator.Build.0 = Debug|iPhoneSimulator
		{F9F86314-68FB-4B92-8268-3245D70D7DB1}.Debug|x64.ActiveCfg = Debug|iPhone
		{F9F86314-68FB-4B92-8268-3245D70D7DB1}.Debug|x86.ActiveCfg = Debug|iPhone
		{F9F86314-68FB-4B92-8268-3245D70D7DB1}.Release|Any CPU.ActiveCfg = Release|iPhone
		{F9F86314-68FB-4B92-8268-3245D70D7DB1}.Release|ARM.ActiveCfg = Release|iPhone
		{F9F86314-68FB-4B92-8268-3245D70D7DB1}.Release|iPhone.ActiveCfg = Release|iPhone
		{F9F86314-68FB-4B92-8268-3245D70D7DB1}.Release|iPhone.Build.0 = Release|iPhone
		{F9F86314-68FB-4B92-8268-3245D70D7DB1}.Release|iPhoneSimulator.ActiveCfg = Release|iPhoneSimulator
		{F9F86314-68FB-4B92-8268-3245D70D7DB1}.Release|iPhoneSimulator.Build.0 = Release|iPhoneSimulator
		{F9F86314-68FB-4B92-8268-3245D70D7DB1}.Release|x64.ActiveCfg = Release|iPhone
		{F9F86314-68FB-4B92-8268-3245D70D7DB1}.Release|x86.ActiveCfg = Release|iPhone
		{1B573A9A-F461-46A0-9A54-1ABB116C7AE5}.Ad-Hoc|Any CPU.ActiveCfg = Release|x86
		{1B573A9A-F461-46A0-9A54-1ABB116C7AE5}.Ad-Hoc|Any CPU.Build.0 = Release|x86
		{1B573A9A-F461-46A0-9A54-1ABB116C7AE5}.Ad-Hoc|Any CPU.Deploy.0 = Release|x86
		{1B573A9A-F461-46A0-9A54-1ABB116C7AE5}.Ad-Hoc|ARM.ActiveCfg = Release|ARM
		{1B573A9A-F461-46A0-9A54-1ABB116C7AE5}.Ad-Hoc|ARM.Build.0 = Release|ARM
		{1B573A9A-F461-46A0-9A54-1ABB116C7AE5}.Ad-Hoc|ARM.Deploy.0 = Release|ARM
		{1B573A9A-F461-46A0-9A54-1ABB116C7AE5}.Ad-Hoc|iPhone.ActiveCfg = Release|x86
		{1B573A9A-F461-46A0-9A54-1ABB116C7AE5}.Ad-Hoc|iPhone.Build.0 = Release|x86
		{1B573A9A-F461-46A0-9A54-1ABB116C7AE5}.Ad-Hoc|iPhone.Deploy.0 = Release|x86
		{1B573A9A-F461-46A0-9A54-1ABB116C7AE5}.Ad-Hoc|iPhoneSimulator.ActiveCfg = Release|x86
		{1B573A9A-F461-46A0-9A54-1ABB116C7AE5}.Ad-Hoc|iPhoneSimulator.Build.0 = Release|x86
		{1B573A9A-F461-46A0-9A54-1ABB116C7AE5}.Ad-Hoc|iPhoneSimulator.Deploy.0 = Release|x86
		{1B573A9A-F461-46A0-9A54-1ABB116C7AE5}.Ad-Hoc|x64.ActiveCfg = Release|x64
		{1B573A9A-F461-46A0-9A54-1ABB116C7AE5}.Ad-Hoc|x64.Build.0 = Release|x64
		{1B573A9A-F461-46A0-9A54-1ABB116C7AE5}.Ad-Hoc|x64.Deploy.0 = Release|x64
		{1B573A9A-F461-46A0-9A54-1ABB116C7AE5}.Ad-Hoc|x86.ActiveCfg = Release|x86
		{1B573A9A-F461-46A0-9A54-1ABB116C7AE5}.Ad-Hoc|x86.Build.0 = Release|x86
		{1B573A9A-F461-46A0-9A54-1ABB116C7AE5}.Ad-Hoc|x86.Deploy.0 = Release|x86
		{1B573A9A-F461-46A0-9A54-1ABB116C7AE5}.AppStore|Any CPU.ActiveCfg = Release|x86
		{1B573A9A-F461-46A0-9A54-1ABB116C7AE5}.AppStore|Any CPU.Build.0 = Release|x86
		{1B573A9A-F461-46A0-9A54-1ABB116C7AE5}.AppStore|Any CPU.Deploy.0 = Release|x86
		{1B573A9A-F461-46A0-9A54-1ABB116C7AE5}.AppStore|ARM.ActiveCfg = Release|ARM
		{1B573A9A-F461-46A0-9A54-1ABB116C7AE5}.AppStore|ARM.Build.0 = Release|ARM
		{1B573A9A-F461-46A0-9A54-1ABB116C7AE5}.AppStore|ARM.Deploy.0 = Release|ARM
		{1B573A9A-F461-46A0-9A54-1ABB116C7AE5}.AppStore|iPhone.ActiveCfg = Release|x86
		{1B573A9A-F461-46A0-9A54-1ABB116C7AE5}.AppStore|iPhone.Build.0 = Release|x86
		{1B573A9A-F461-46A0-9A54-1ABB116C7AE5}.AppStore|iPhone.Deploy.0 = Release|x86
		{1B573A9A-F461-46A0-9A54-1ABB116C7AE5}.AppStore|iPhoneSimulator.ActiveCfg = Release|x86
		{1B573A9A-F461-46A0-9A54-1ABB116C7AE5}.AppStore|iPhoneSimulator.Build.0 = Release|x86
		{1B573A9A-F461-46A0-9A54-1ABB116C7AE5}.AppStore|iPhoneSimulator.Deploy.0 = Release|x86
		{1B573A9A-F461-46A0-9A54-1ABB116C7AE5}.AppStore|x64.ActiveCfg = Release|x64
		{1B573A9A-F461-46A0-9A54-1ABB116C7AE5}.AppStore|x64.Build.0 = Release|x64
		{1B573A9A-F461-46A0-9A54-1ABB116C7AE5}.AppStore|x64.Deploy.0 = Release|x64
		{1B573A9A-F461-46A0-9A54-1ABB116C7AE5}.AppStore|x86.ActiveCfg = Release|x86
		{1B573A9A-F461-46A0-9A54-1ABB116C7AE5}.AppStore|x86.Build.0 = Release|x86
		{1B573A9A-F461-46A0-9A54-1ABB116C7AE5}.AppStore|x86.Deploy.0 = Release|x86
		{1B573A9A-F461-46A0-9A54-1ABB116C7AE5}.Debug|Any CPU.ActiveCfg = Debug|x86
		{1B573A9A-F461-46A0-9A54-1ABB116C7AE5}.Debug|ARM.ActiveCfg = Debug|ARM
		{1B573A9A-F461-46A0-9A54-1ABB116C7AE5}.Debug|ARM.Build.0 = Debug|ARM
		{1B573A9A-F461-46A0-9A54-1ABB116C7AE5}.Debug|ARM.Deploy.0 = Debug|ARM
		{1B573A9A-F461-46A0-9A54-1ABB116C7AE5}.Debug|iPhone.ActiveCfg = Debug|x86
		{1B573A9A-F461-46A0-9A54-1ABB116C7AE5}.Debug|iPhoneSimulator.ActiveCfg = Debug|x86
		{1B573A9A-F461-46A0-9A54-1ABB116C7AE5}.Debug|x64.ActiveCfg = Debug|x64
		{1B573A9A-F461-46A0-9A54-1ABB116C7AE5}.Debug|x64.Build.0 = Debug|x64
		{1B573A9A-F461-46A0-9A54-1ABB116C7AE5}.Debug|x64.Deploy.0 = Debug|x64
		{1B573A9A-F461-46A0-9A54-1ABB116C7AE5}.Debug|x86.ActiveCfg = Debug|x86
		{1B573A9A-F461-46A0-9A54-1ABB116C7AE5}.Debug|x86.Build.0 = Debug|x86
		{1B573A9A-F461-46A0-9A54-1ABB116C7AE5}.Debug|x86.Deploy.0 = Debug|x86
		{1B573A9A-F461-46A0-9A54-1ABB116C7AE5}.Release|Any CPU.ActiveCfg = Release|x86
		{1B573A9A-F461-46A0-9A54-1ABB116C7AE5}.Release|ARM.ActiveCfg = Release|ARM
		{1B573A9A-F461-46A0-9A54-1ABB116C7AE5}.Release|ARM.Build.0 = Release|ARM
		{1B573A9A-F461-46A0-9A54-1ABB116C7AE5}.Release|ARM.Deploy.0 = Release|ARM
		{1B573A9A-F461-46A0-9A54-1ABB116C7AE5}.Release|iPhone.ActiveCfg = Release|x86
		{1B573A9A-F461-46A0-9A54-1ABB116C7AE5}.Release|iPhoneSimulator.ActiveCfg = Release|x86
		{1B573A9A-F461-46A0-9A54-1ABB116C7AE5}.Release|x64.ActiveCfg = Release|x64
		{1B573A9A-F461-46A0-9A54-1ABB116C7AE5}.Release|x64.Build.0 = Release|x64
		{1B573A9A-F461-46A0-9A54-1ABB116C7AE5}.Release|x64.Deploy.0 = Release|x64
		{1B573A9A-F461-46A0-9A54-1ABB116C7AE5}.Release|x86.ActiveCfg = Release|x86
		{1B573A9A-F461-46A0-9A54-1ABB116C7AE5}.Release|x86.Build.0 = Release|x86
		{1B573A9A-F461-46A0-9A54-1ABB116C7AE5}.Release|x86.Deploy.0 = Release|x86
		{460E98DD-635F-41D7-8746-282EC3192C06}.Ad-Hoc|Any CPU.ActiveCfg = Debug|Any CPU
		{460E98DD-635F-41D7-8746-282EC3192C06}.Ad-Hoc|Any CPU.Build.0 = Debug|Any CPU
		{460E98DD-635F-41D7-8746-282EC3192C06}.Ad-Hoc|ARM.ActiveCfg = Debug|Any CPU
		{460E98DD-635F-41D7-8746-282EC3192C06}.Ad-Hoc|ARM.Build.0 = Debug|Any CPU
		{460E98DD-635F-41D7-8746-282EC3192C06}.Ad-Hoc|iPhone.ActiveCfg = Debug|Any CPU
		{460E98DD-635F-41D7-8746-282EC3192C06}.Ad-Hoc|iPhone.Build.0 = Debug|Any CPU
		{460E98DD-635F-41D7-8746-282EC3192C06}.Ad-Hoc|iPhoneSimulator.ActiveCfg = Debug|Any CPU
		{460E98DD-635F-41D7-8746-282EC3192C06}.Ad-Hoc|iPhoneSimulator.Build.0 = Debug|Any CPU
		{460E98DD-635F-41D7-8746-282EC3192C06}.Ad-Hoc|x64.ActiveCfg = Debug|Any CPU
		{460E98DD-635F-41D7-8746-282EC3192C06}.Ad-Hoc|x64.Build.0 = Debug|Any CPU
		{460E98DD-635F-41D7-8746-282EC3192C06}.Ad-Hoc|x86.ActiveCfg = Debug|Any CPU
		{460E98DD-635F-41D7-8746-282EC3192C06}.Ad-Hoc|x86.Build.0 = Debug|Any CPU
		{460E98DD-635F-41D7-8746-282EC3192C06}.AppStore|Any CPU.ActiveCfg = Debug|Any CPU
		{460E98DD-635F-41D7-8746-282EC3192C06}.AppStore|Any CPU.Build.0 = Debug|Any CPU
		{460E98DD-635F-41D7-8746-282EC3192C06}.AppStore|ARM.ActiveCfg = Debug|Any CPU
		{460E98DD-635F-41D7-8746-282EC3192C06}.AppStore|ARM.Build.0 = Debug|Any CPU
		{460E98DD-635F-41D7-8746-282EC3192C06}.AppStore|iPhone.ActiveCfg = Debug|Any CPU
		{460E98DD-635F-41D7-8746-282EC3192C06}.AppStore|iPhone.Build.0 = Debug|Any CPU
		{460E98DD-635F-41D7-8746-282EC3192C06}.AppStore|iPhoneSimulator.ActiveCfg = Debug|Any CPU
		{460E98DD-635F-41D7-8746-282EC3192C06}.AppStore|iPhoneSimulator.Build.0 = Debug|Any CPU
		{460E98DD-635F-41D7-8746-282EC3192C06}.AppStore|x64.ActiveCfg = Debug|Any CPU
		{460E98DD-635F-41D7-8746-282EC3192C06}.AppStore|x64.Build.0 = Debug|Any CPU
		{460E98DD-635F-41D7-8746-282EC3192C06}.AppStore|x86.ActiveCfg = Debug|Any CPU
		{460E98DD-635F-41D7-8746-282EC3192C06}.AppStore|x86.Build.0 = Debug|Any CPU
		{460E98DD-635F-41D7-8746-282EC3192C06}.Debug|Any CPU.ActiveCfg = Debug|Any CPU
		{460E98DD-635F-41D7-8746-282EC3192C06}.Debug|Any CPU.Build.0 = Debug|Any CPU
		{460E98DD-635F-41D7-8746-282EC3192C06}.Debug|ARM.ActiveCfg = Debug|Any CPU
		{460E98DD-635F-41D7-8746-282EC3192C06}.Debug|ARM.Build.0 = Debug|Any CPU
		{460E98DD-635F-41D7-8746-282EC3192C06}.Debug|iPhone.ActiveCfg = Debug|Any CPU
		{460E98DD-635F-41D7-8746-282EC3192C06}.Debug|iPhone.Build.0 = Debug|Any CPU
		{460E98DD-635F-41D7-8746-282EC3192C06}.Debug|iPhoneSimulator.ActiveCfg = Debug|Any CPU
		{460E98DD-635F-41D7-8746-282EC3192C06}.Debug|iPhoneSimulator.Build.0 = Debug|Any CPU
		{460E98DD-635F-41D7-8746-282EC3192C06}.Debug|x64.ActiveCfg = Debug|Any CPU
		{460E98DD-635F-41D7-8746-282EC3192C06}.Debug|x64.Build.0 = Debug|Any CPU
		{460E98DD-635F-41D7-8746-282EC3192C06}.Debug|x86.ActiveCfg = Debug|Any CPU
		{460E98DD-635F-41D7-8746-282EC3192C06}.Debug|x86.Build.0 = Debug|Any CPU
		{460E98DD-635F-41D7-8746-282EC3192C06}.Release|Any CPU.ActiveCfg = Release|Any CPU
		{460E98DD-635F-41D7-8746-282EC3192C06}.Release|Any CPU.Build.0 = Release|Any CPU
		{460E98DD-635F-41D7-8746-282EC3192C06}.Release|ARM.ActiveCfg = Release|Any CPU
		{460E98DD-635F-41D7-8746-282EC3192C06}.Release|ARM.Build.0 = Release|Any CPU
		{460E98DD-635F-41D7-8746-282EC3192C06}.Release|iPhone.ActiveCfg = Release|Any CPU
		{460E98DD-635F-41D7-8746-282EC3192C06}.Release|iPhone.Build.0 = Release|Any CPU
		{460E98DD-635F-41D7-8746-282EC3192C06}.Release|iPhoneSimulator.ActiveCfg = Release|Any CPU
		{460E98DD-635F-41D7-8746-282EC3192C06}.Release|iPhoneSimulator.Build.0 = Release|Any CPU
		{460E98DD-635F-41D7-8746-282EC3192C06}.Release|x64.ActiveCfg = Release|Any CPU
		{460E98DD-635F-41D7-8746-282EC3192C06}.Release|x64.Build.0 = Release|Any CPU
		{460E98DD-635F-41D7-8746-282EC3192C06}.Release|x86.ActiveCfg = Release|Any CPU
		{460E98DD-635F-41D7-8746-282EC3192C06}.Release|x86.Build.0 = Release|Any CPU
	EndGlobalSection
	GlobalSection(SolutionProperties) = preSolution
		HideSolutionNode = FALSE
	EndGlobalSection
	GlobalSection(ExtensibilityGlobals) = postSolution
		SolutionGuid = {0F6CE2F6-CF72-4583-87DC-3FAD4A88632C}
	EndGlobalSection
EndGlobal
